
Microsoft Visual Studio Solution File, Format Version 12.00
# Visual Studio Version 17
VisualStudioVersion = 17.11.35222.181
MinimumVisualStudioVersion = 10.0.40219.1
Project("{FAE04EC0-301F-11D3-BF4B-00C04F79EFBC}") = "TempConverterV2", "TempConverterV2.csproj", "{ACB99BD8-9B2D-45B4-B06B-BC4DDE2F34D3}"
EndProject
Global
	GlobalSection(SolutionConfigurationPlatforms) = preSolution
		Debug|Any CPU = Debug|Any CPU
		Release|Any CPU = Release|Any CPU
	EndGlobalSection
	GlobalSection(ProjectConfigurationPlatforms) = postSolution
		{ACB99BD8-9B2D-45B4-B06B-BC4DDE2F34D3}.Debug|Any CPU.ActiveCfg = Debug|Any CPU
		{ACB99BD8-9B2D-45B4-B06B-BC4DDE2F34D3}.Debug|Any CPU.Build.0 = Debug|Any CPU
		{ACB99BD8-9B2D-45B4-B06B-BC4DDE2F34D3}.Release|Any CPU.ActiveCfg = Release|Any CPU
		{ACB99BD8-9B2D-45B4-B06B-BC4DDE2F34D3}.Release|Any CPU.Build.0 = Release|Any CPU
	EndGlobalSection
	GlobalSection(SolutionProperties) = preSolution
		HideSolutionNode = FALSE
	EndGlobalSection
	GlobalSection(ExtensibilityGlobals) = postSolution
		SolutionGuid = {DE1188AB-1C71-43B0-A249-82B83705F2A4}
	EndGlobalSection
EndGlobal
